
Microsoft Visual Studio Solution File, Format Version 12.00
# Visual Studio Version 17
VisualStudioVersion = 17.3.32929.385
MinimumVisualStudioVersion = 10.0.40219.1
Project("{FAE04EC0-301F-11D3-BF4B-00C04F79EFBC}") = "PermissionBasedAuthorization", "PermissionBasedAuthorization\PermissionBasedAuthorization.csproj", "{820C07F3-C318-46EC-96B2-D56F085E74EB}"
EndProject
Global
	GlobalSection(SolutionConfigurationPlatforms) = preSolution
		Debug|Any CPU = Debug|Any CPU
		Release|Any CPU = Release|Any CPU
	EndGlobalSection
	GlobalSection(ProjectConfigurationPlatforms) = postSolution
		{820C07F3-C318-46EC-96B2-D56F085E74EB}.Debug|Any CPU.ActiveCfg = Debug|Any CPU
		{820C07F3-C318-46EC-96B2-D56F085E74EB}.Debug|Any CPU.Build.0 = Debug|Any CPU
		{820C07F3-C318-46EC-96B2-D56F085E74EB}.Release|Any CPU.ActiveCfg = Release|Any CPU
		{820C07F3-C318-46EC-96B2-D56F085E74EB}.Release|Any CPU.Build.0 = Release|Any CPU
	EndGlobalSection
	GlobalSection(SolutionProperties) = preSolution
		HideSolutionNode = FALSE
	EndGlobalSection
	GlobalSection(ExtensibilityGlobals) = postSolution
		SolutionGuid = {FD067B87-89B2-424A-BF90-FB23976C3A07}
	EndGlobalSection
EndGlobal
